// !$*UTF8*$!
{
	archiveVersion = 1;
	classes = {
	};
	objectVersion = 55;
	objects = {

/* Begin PBXBuildFile section */
		011A773097278274BD19959A /* Pods_googlemapSourceAndDestinationDEMO.framework in Frameworks */ = {isa = PBXBuildFile; fileRef = 3163F8E070D3AAE086A1245B /* Pods_googlemapSourceAndDestinationDEMO.framework */; };
		180979CF29CECB7B00C64F6A /* AppDelegate.swift in Sources */ = {isa = PBXBuildFile; fileRef = 180979CE29CECB7B00C64F6A /* AppDelegate.swift */; };
		180979D129CECB7B00C64F6A /* SceneDelegate.swift in Sources */ = {isa = PBXBuildFile; fileRef = 180979D029CECB7B00C64F6A /* SceneDelegate.swift */; };
		180979D329CECB7B00C64F6A /* ViewController.swift in Sources */ = {isa = PBXBuildFile; fileRef = 180979D229CECB7B00C64F6A /* ViewController.swift */; };
		180979D629CECB7B00C64F6A /* Main.storyboard in Resources */ = {isa = PBXBuildFile; fileRef = 180979D429CECB7B00C64F6A /* Main.storyboard */; };
		180979D829CECB8200C64F6A /* Assets.xcassets in Resources */ = {isa = PBXBuildFile; fileRef = 180979D729CECB8200C64F6A /* Assets.xcassets */; };
		180979DB29CECB8200C64F6A /* LaunchScreen.storyboard in Resources */ = {isa = PBXBuildFile; fileRef = 180979D929CECB8200C64F6A /* LaunchScreen.storyboard */; };
/* End PBXBuildFile section */

/* Begin PBXFileReference section */
		180979CB29CECB7B00C64F6A /* googlemapSourceAndDestinationDEMO.app */ = {isa = PBXFileReference; explicitFileType = wrapper.application; includeInIndex = 0; path = googlemapSourceAndDestinationDEMO.app; sourceTree = BUILT_PRODUCTS_DIR; };
		180979CE29CECB7B00C64F6A /* AppDelegate.swift */ = {isa = PBXFileReference; lastKnownFileType = sourcecode.swift; path = AppDelegate.swift; sourceTree = "<group>"; };
		180979D029CECB7B00C64F6A /* SceneDelegate.swift */ = {isa = PBXFileReference; lastKnownFileType = sourcecode.swift; path = SceneDelegate.swift; sourceTree = "<group>"; };
		180979D229CECB7B00C64F6A /* ViewController.swift */ = {isa = PBXFileReference; lastKnownFileType = sourcecode.swift; path = ViewController.swift; sourceTree = "<group>"; };
		180979D529CECB7B00C64F6A /* Base */ = {isa = PBXFileReference; lastKnownFileType = file.storyboard; name = Base; path = Base.lproj/Main.storyboard; sourceTree = "<group>"; };
		180979D729CECB8200C64F6A /* Assets.xcassets */ = {isa = PBXFileReference; lastKnownFileType = folder.assetcatalog; path = Assets.xcassets; sourceTree = "<group>"; };
		180979DA29CECB8200C64F6A /* Base */ = {isa = PBXFileReference; lastKnownFileType = file.storyboard; name = Base; path = Base.lproj/LaunchScreen.storyboard; sourceTree = "<group>"; };
		180979DC29CECB8200C64F6A /* Info.plist */ = {isa = PBXFileReference; lastKnownFileType = text.plist.xml; path = Info.plist; sourceTree = "<group>"; };
		3163F8E070D3AAE086A1245B /* Pods_googlemapSourceAndDestinationDEMO.framework */ = {isa = PBXFileReference; explicitFileType = wrapper.framework; includeInIndex = 0; path = Pods_googlemapSourceAndDestinationDEMO.framework; sourceTree = BUILT_PRODUCTS_DIR; };
		5D0EEF659C26396F748CF9F1 /* Pods-googlemapSourceAndDestinationDEMO.debug.xcconfig */ = {isa = PBXFileReference; includeInIndex = 1; lastKnownFileType = text.xcconfig; name = "Pods-googlemapSourceAndDestinationDEMO.debug.xcconfig"; path = "Target Support Files/Pods-googlemapSourceAndDestinationDEMO/Pods-googlemapSourceAndDestinationDEMO.debug.xcconfig"; sourceTree = "<group>"; };
		8B59BC8133D73760490AB90A /* Pods-googlemapSourceAndDestinationDEMO.release.xcconfig */ = {isa = PBXFileReference; includeInIndex = 1; lastKnownFileType = text.xcconfig; name = "Pods-googlemapSourceAndDestinationDEMO.release.xcconfig"; path = "Target Support Files/Pods-googlemapSourceAndDestinationDEMO/Pods-googlemapSourceAndDestinationDEMO.release.xcconfig"; sourceTree = "<group>"; };
/* End PBXFileReference section */

/* Begin PBXFrameworksBuildPhase section */
		180979C829CECB7B00C64F6A /* Frameworks */ = {
			isa = PBXFrameworksBuildPhase;
			buildActionMask = 2147483647;
			files = (
				011A773097278274BD19959A /* Pods_googlemapSourceAndDestinationDEMO.framework in Frameworks */,
			);
			runOnlyForDeploymentPostprocessing = 0;
		};
/* End PBXFrameworksBuildPhase section */

/* Begin PBXGroup section */
		180979C229CECB7B00C64F6A = {
			isa = PBXGroup;
			children = (
				180979CD29CECB7B00C64F6A /* googlemapSourceAndDestinationDEMO */,
				180979CC29CECB7B00C64F6A /* Products */,
				90A283E89308DF050757CB4D /* Pods */,
				47B652DE3F910C22619C7BC4 /* Frameworks */,
			);
			sourceTree = "<group>";
		};
		180979CC29CECB7B00C64F6A /* Products */ = {
			isa = PBXGroup;
			children = (
				180979CB29CECB7B00C64F6A /* googlemapSourceAndDestinationDEMO.app */,
			);
			name = Products;
			sourceTree = "<group>";
		};
		180979CD29CECB7B00C64F6A /* googlemapSourceAndDestinationDEMO */ = {
			isa = PBXGroup;
			children = (
				180979CE29CECB7B00C64F6A /* AppDelegate.swift */,
				180979D029CECB7B00C64F6A /* SceneDelegate.swift */,
				180979D229CECB7B00C64F6A /* ViewController.swift */,
				180979D429CECB7B00C64F6A /* Main.storyboard */,
				180979D729CECB8200C64F6A /* Assets.xcassets */,
				180979D929CECB8200C64F6A /* LaunchScreen.storyboard */,
				180979DC29CECB8200C64F6A /* Info.plist */,
			);
			path = googlemapSourceAndDestinationDEMO;
			sourceTree = "<group>";
		};
		47B652DE3F910C22619C7BC4 /* Frameworks */ = {
			isa = PBXGroup;
			children = (
				3163F8E070D3AAE086A1245B /* Pods_googlemapSourceAndDestinationDEMO.framework */,
			);
			name = Frameworks;
			sourceTree = "<group>";
		};
		90A283E89308DF050757CB4D /* Pods */ = {
			isa = PBXGroup;
			children = (
				5D0EEF659C26396F748CF9F1 /* Pods-googlemapSourceAndDestinationDEMO.debug.xcconfig */,
				8B59BC8133D73760490AB90A /* Pods-googlemapSourceAndDestinationDEMO.release.xcconfig */,
			);
			name = Pods;
			path = Pods;
			sourceTree = "<group>";
		};
/* End PBXGroup section */

/* Begin PBXNativeTarget section */
		180979CA29CECB7B00C64F6A /* googlemapSourceAndDestinationDEMO */ = {
			isa = PBXNativeTarget;
			buildConfigurationList = 180979DF29CECB8200C64F6A /* Build configuration list for PBXNativeTarget "googlemapSourceAndDestinationDEMO" */;
			buildPhases = (
				72439C393A7D865E66A9923D /* [CP] Check Pods Manifest.lock */,
				180979C729CECB7B00C64F6A /* Sources */,
				180979C829CECB7B00C64F6A /* Frameworks */,
				180979C929CECB7B00C64F6A /* Resources */,
				2FD3EEB89C956B173C202263 /* [CP] Copy Pods Resources */,
			);
			buildRules = (
			);
			dependencies = (
			);
			name = googlemapSourceAndDestinationDEMO;
			productName = googlemapSourceAndDestinationDEMO;
			productReference = 180979CB29CECB7B00C64F6A /* googlemapSourceAndDestinationDEMO.app */;
			productType = "com.apple.product-type.application";
		};
/* End PBXNativeTarget section */

/* Begin PBXProject section */
		180979C329CECB7B00C64F6A /* Project object */ = {
			isa = PBXProject;
			attributes = {
				BuildIndependentTargetsInParallel = 1;
				LastSwiftUpdateCheck = 1330;
				LastUpgradeCheck = 1330;
				TargetAttributes = {
					180979CA29CECB7B00C64F6A = {
						CreatedOnToolsVersion = 13.3.1;
					};
				};
			};
			buildConfigurationList = 180979C629CECB7B00C64F6A /* Build configuration list for PBXProject "googlemapSourceAndDestinationDEMO" */;
			compatibilityVersion = "Xcode 13.0";
			developmentRegion = en;
			hasScannedForEncodings = 0;
			knownRegions = (
				en,
				Base,
			);
			mainGroup = 180979C229CECB7B00C64F6A;
			productRefGroup = 180979CC29CECB7B00C64F6A /* Products */;
			projectDirPath = "";
			projectRoot = "";
			targets = (
				180979CA29CECB7B00C64F6A /* googlemapSourceAndDestinationDEMO */,
			);
		};
/* End PBXProject section */

/* Begin PBXResourcesBuildPhase section */
		180979C929CECB7B00C64F6A /* Resources */ = {
			isa = PBXResourcesBuildPhase;
			buildActionMask = 2147483647;
			files = (
				180979DB29CECB8200C64F6A /* LaunchScreen.storyboard in Resources */,
				180979D829CECB8200C64F6A /* Assets.xcassets in Resources */,
				180979D629CECB7B00C64F6A /* Main.storyboard in Resources */,
			);
			runOnlyForDeploymentPostprocessing = 0;
		};
/* End PBXResourcesBuildPhase section */

/* Begin PBXShellScriptBuildPhase section */
		2FD3EEB89C956B173C202263 /* [CP] Copy Pods Resources */ = {
			isa = PBXShellScriptBuildPhase;
			buildActionMask = 2147483647;
			files = (
			);
			inputFileListPaths = (
				"${PODS_ROOT}/Target Support Files/Pods-googlemapSourceAndDestinationDEMO/Pods-googlemapSourceAndDestinationDEMO-resources-${CONFIGURATION}-input-files.xcfilelist",
			);
			name = "[CP] Copy Pods Resources";
			outputFileListPaths = (
				"${PODS_ROOT}/Target Support Files/Pods-googlemapSourceAndDestinationDEMO/Pods-googlemapSourceAndDestinationDEMO-resources-${CONFIGURATION}-output-files.xcfilelist",
			);
			runOnlyForDeploymentPostprocessing = 0;
			shellPath = /bin/sh;
			shellScript = "\"${PODS_ROOT}/Target Support Files/Pods-googlemapSourceAndDestinationDEMO/Pods-googlemapSourceAndDestinationDEMO-resources.sh\"\n";
			showEnvVarsInLog = 0;
		};
		72439C393A7D865E66A9923D /* [CP] Check Pods Manifest.lock */ = {
			isa = PBXShellScriptBuildPhase;
			buildActionMask = 2147483647;
			files = (
			);
			inputFileListPaths = (
			);
			inputPaths = (
				"${PODS_PODFILE_DIR_PATH}/Podfile.lock",
				"${PODS_ROOT}/Manifest.lock",
			);
			name = "[CP] Check Pods Manifest.lock";
			outputFileListPaths = (
			);
			outputPaths = (
				"$(DERIVED_FILE_DIR)/Pods-googlemapSourceAndDestinationDEMO-checkManifestLockResult.txt",
			);
			runOnlyForDeploymentPostprocessing = 0;
			shellPath = /bin/sh;
			shellScript = "diff \"${PODS_PODFILE_DIR_PATH}/Podfile.lock\" \"${PODS_ROOT}/Manifest.lock\" > /dev/null\nif [ $? != 0 ] ; then\n    # print error to STDERR\n    echo \"error: The sandbox is not in sync with the Podfile.lock. Run 'pod install' or update your CocoaPods installation.\" >&2\n    exit 1\nfi\n# This output is used by Xcode 'outputs' to avoid re-running this script phase.\necho \"SUCCESS\" > \"${SCRIPT_OUTPUT_FILE_0}\"\n";
			showEnvVarsInLog = 0;
		};
/* End PBXShellScriptBuildPhase section */

/* Begin PBXSourcesBuildPhase section */
		180979C729CECB7B00C64F6A /* Sources */ = {
			isa = PBXSourcesBuildPhase;
			buildActionMask = 2147483647;
			files = (
				180979D329CECB7B00C64F6A /* ViewController.swift in Sources */,
				180979CF29CECB7B00C64F6A /* AppDelegate.swift in Sources */,
				180979D129CECB7B00C64F6A /* SceneDelegate.swift in Sources */,
			);
			runOnlyForDeploymentPostprocessing = 0;
		};
/* End PBXSourcesBuildPhase section */

/* Begin PBXVariantGroup section */
		180979D429CECB7B00C64F6A /* Main.storyboard */ = {
			isa = PBXVariantGroup;
			children = (
				180979D529CECB7B00C64F6A /* Base */,
			);
			name = Main.storyboard;
			sourceTree = "<group>";
		};
		180979D929CECB8200C64F6A /* LaunchScreen.storyboard */ = {
			isa = PBXVariantGroup;
			children = (
				180979DA29CECB8200C64F6A /* Base */,
			);
			name = LaunchScreen.storyboard;
			sourceTree = "<group>";
		};
/* End PBXVariantGroup section */

/* Begin XCBuildConfiguration section */
		180979DD29CECB8200C64F6A /* Debug */ = {
			isa = XCBuildConfiguration;
			buildSettings = {
				ALWAYS_SEARCH_USER_PATHS = NO;
				CLANG_ANALYZER_NONNULL = YES;
				CLANG_ANALYZER_NUMBER_OBJECT_CONVERSION = YES_AGGRESSIVE;
				CLANG_CXX_LANGUAGE_STANDARD = "gnu++17";
				CLANG_ENABLE_MODULES = YES;
				CLANG_ENABLE_OBJC_ARC = YES;
				CLANG_ENABLE_OBJC_WEAK = YES;
				CLANG_WARN_BLOCK_CAPTURE_AUTORELEASING = YES;
				CLANG_WARN_BOOL_CONVERSION = YES;
				CLANG_WARN_COMMA = YES;
				CLANG_WARN_CONSTANT_CONVERSION = YES;
				CLANG_WARN_DEPRECATED_OBJC_IMPLEMENTATIONS = YES;
				CLANG_WARN_DIRECT_OBJC_ISA_USAGE = YES_ERROR;
				CLANG_WARN_DOCUMENTATION_COMMENTS = YES;
				CLANG_WARN_EMPTY_BODY = YES;
				CLANG_WARN_ENUM_CONVERSION = YES;
				CLANG_WARN_INFINITE_RECURSION = YES;
				CLANG_WARN_INT_CONVERSION = YES;
				CLANG_WARN_NON_LITERAL_NULL_CONVERSION = YES;
				CLANG_WARN_OBJC_IMPLICIT_RETAIN_SELF = YES;
				CLANG_WARN_OBJC_LITERAL_CONVERSION = YES;
				CLANG_WARN_OBJC_ROOT_CLASS = YES_ERROR;
				CLANG_WARN_QUOTED_INCLUDE_IN_FRAMEWORK_HEADER = YES;
				CLANG_WARN_RANGE_LOOP_ANALYSIS = YES;
				CLANG_WARN_STRICT_PROTOTYPES = YES;
				CLANG_WARN_SUSPICIOUS_MOVE = YES;
				CLANG_WARN_UNGUARDED_AVAILABILITY = YES_AGGRESSIVE;
				CLANG_WARN_UNREACHABLE_CODE = YES;
				CLANG_WARN__DUPLICATE_METHOD_MATCH = YES;
				COPY_PHASE_STRIP = NO;
				DEBUG_INFORMATION_FORMAT = dwarf;
				ENABLE_STRICT_OBJC_MSGSEND = YES;
				ENABLE_TESTABILITY = YES;
				GCC_C_LANGUAGE_STANDARD = gnu11;
				GCC_DYNAMIC_NO_PIC = NO;
				GCC_NO_COMMON_BLOCKS = YES;
				GCC_OPTIMIZATION_LEVEL = 0;
				GCC_PREPROCESSOR_DEFINITIONS = (
					"DEBUG=1",
					"$(inherited)",
				);
				GCC_WARN_64_TO_32_BIT_CONVERSION = YES;
				GCC_WARN_ABOUT_RETURN_TYPE = YES_ERROR;
				GCC_WARN_UNDECLARED_SELECTOR = YES;
				GCC_WARN_UNINITIALIZED_AUTOS = YES_AGGRESSIVE;
				GCC_WARN_UNUSED_FUNCTION = YES;
				GCC_WARN_UNUSED_VARIABLE = YES;
				IPHONEOS_DEPLOYMENT_TARGET = 15.4;
				MTL_ENABLE_DEBUG_INFO = INCLUDE_SOURCE;
				MTL_FAST_MATH = YES;
				ONLY_ACTIVE_ARCH = YES;
				SDKROOT = iphoneos;
				SWIFT_ACTIVE_COMPILATION_CONDITIONS = DEBUG;
				SWIFT_OPTIMIZATION_LEVEL = "-Onone";
			};
			name = Debug;
		};
		180979DE29CECB8200C64F6A /* Release */ = {
			isa = XCBuildConfiguration;
			buildSettings = {
				ALWAYS_SEARCH_USER_PATHS = NO;
				CLANG_ANALYZER_NONNULL = YES;
				CLANG_ANALYZER_NUMBER_OBJECT_CONVERSION = YES_AGGRESSIVE;
				CLANG_CXX_LANGUAGE_STANDARD = "gnu++17";
				CLANG_ENABLE_MODULES = YES;
				CLANG_ENABLE_OBJC_ARC = YES;
				CLANG_ENABLE_OBJC_WEAK = YES;
				CLANG_WARN_BLOCK_CAPTURE_AUTORELEASING = YES;
				CLANG_WARN_BOOL_CONVERSION = YES;
				CLANG_WARN_COMMA = YES;
				CLANG_WARN_CONSTANT_CONVERSION = YES;
				CLANG_WARN_DEPRECATED_OBJC_IMPLEMENTATIONS = YES;
				CLANG_WARN_DIRECT_OBJC_ISA_USAGE = YES_ERROR;
				CLANG_WARN_DOCUMENTATION_COMMENTS = YES;
				CLANG_WARN_EMPTY_BODY = YES;
				CLANG_WARN_ENUM_CONVERSION = YES;
				CLANG_WARN_INFINITE_RECURSION = YES;
				CLANG_WARN_INT_CONVERSION = YES;
				CLANG_WARN_NON_LITERAL_NULL_CONVERSION = YES;
				CLANG_WARN_OBJC_IMPLICIT_RETAIN_SELF = YES;
				CLANG_WARN_OBJC_LITERAL_CONVERSION = YES;
				CLANG_WARN_OBJC_ROOT_CLASS = YES_ERROR;
				CLANG_WARN_QUOTED_INCLUDE_IN_FRAMEWORK_HEADER = YES;
				CLANG_WARN_RANGE_LOOP_ANALYSIS = YES;
				CLANG_WARN_STRICT_PROTOTYPES = YES;
				CLANG_WARN_SUSPICIOUS_MOVE = YES;
				CLANG_WARN_UNGUARDED_AVAILABILITY = YES_AGGRESSIVE;
				CLANG_WARN_UNREACHABLE_CODE = YES;
				CLANG_WARN__DUPLICATE_METHOD_MATCH = YES;
				COPY_PHASE_STRIP = NO;
				DEBUG_INFORMATION_FORMAT = "dwarf-with-dsym";
				ENABLE_NS_ASSERTIONS = NO;
				ENABLE_STRICT_OBJC_MSGSEND = YES;
				GCC_C_LANGUAGE_STANDARD = gnu11;
				GCC_NO_COMMON_BLOCKS = YES;
				GCC_WARN_64_TO_32_BIT_CONVERSION = YES;
				GCC_WARN_ABOUT_RETURN_TYPE = YES_ERROR;
				GCC_WARN_UNDECLARED_SELECTOR = YES;
				GCC_WARN_UNINITIALIZED_AUTOS = YES_AGGRESSIVE;
				GCC_WARN_UNUSED_FUNCTION = YES;
				GCC_WARN_UNUSED_VARIABLE = YES;
				IPHONEOS_DEPLOYMENT_TARGET = 15.4;
				MTL_ENABLE_DEBUG_INFO = NO;
				MTL_FAST_MATH = YES;
				SDKROOT = iphoneos;
				SWIFT_COMPILATION_MODE = wholemodule;
				SWIFT_OPTIMIZATION_LEVEL = "-O";
				VALIDATE_PRODUCT = YES;
			};
			name = Release;
		};
		180979E029CECB8200C64F6A /* Debug */ = {
			isa = XCBuildConfiguration;
			baseConfigurationReference = 5D0EEF659C26396F748CF9F1 /* Pods-googlemapSourceAndDestinationDEMO.debug.xcconfig */;
			buildSettings = {
				ASSETCATALOG_COMPILER_APPICON_NAME = AppIcon;
				ASSETCATALOG_COMPILER_GLOBAL_ACCENT_COLOR_NAME = AccentColor;
				CODE_SIGN_STYLE = Automatic;
				CURRENT_PROJECT_VERSION = 1;
				GENERATE_INFOPLIST_FILE = YES;
				INFOPLIST_FILE = googlemapSourceAndDestinationDEMO/Info.plist;
				INFOPLIST_KEY_UIApplicationSupportsIndirectInputEvents = YES;
				INFOPLIST_KEY_UILaunchStoryboardName = LaunchScreen;
				INFOPLIST_KEY_UIMainStoryboardFile = Main;
				INFOPLIST_KEY_UISupportedInterfaceOrientations_iPad = "UIInterfaceOrientationPortrait UIInterfaceOrientationPortraitUpsideDown UIInterfaceOrientationLandscapeLeft UIInterfaceOrientationLandscapeRight";
				INFOPLIST_KEY_UISupportedInterfaceOrientations_iPhone = "UIInterfaceOrientationPortrait UIInterfaceOrientationLandscapeLeft UIInterfaceOrientationLandscapeRight";
				LD_RUNPATH_SEARCH_PATHS = (
					"$(inherited)",
					"@executable_path/Frameworks",
				);
				MARKETING_VERSION = 1.0;
				PRODUCT_BUNDLE_IDENTIFIER = com.mibsoldsdk.googlemapSourceAndDestinationDEMO;
				PRODUCT_NAME = "$(TARGET_NAME)";
				SWIFT_EMIT_LOC_STRINGS = YES;
				SWIFT_VERSION = 5.0;
				TARGETED_DEVICE_FAMILY = "1,2";
			};
			name = Debug;
		};
		180979E129CECB8200C64F6A /* Release */ = {
			isa = XCBuildConfiguration;
			baseConfigurationReference = 8B59BC8133D73760490AB90A /* Pods-googlemapSourceAndDestinationDEMO.release.xcconfig */;
			buildSettings = {
				ASSETCATALOG_COMPILER_APPICON_NAME = AppIcon;
				ASSETCATALOG_COMPILER_GLOBAL_ACCENT_COLOR_NAME = AccentColor;
				CODE_SIGN_STYLE = Automatic;
				CURRENT_PROJECT_VERSION = 1;
				GENERATE_INFOPLIST_FILE = YES;
				INFOPLIST_FILE = googlemapSourceAndDestinationDEMO/Info.plist;
				INFOPLIST_KEY_UIApplicationSupportsIndirectInputEvents = YES;
				INFOPLIST_KEY_UILaunchStoryboardName = LaunchScreen;
				INFOPLIST_KEY_UIMainStoryboardFile = Main;
				INFOPLIST_KEY_UISupportedInterfaceOrientations_iPad = "UIInterfaceOrientationPortrait UIInterfaceOrientationPortraitUpsideDown UIInterfaceOrientationLandscapeLeft UIInterfaceOrientationLandscapeRight";
				INFOPLIST_KEY_UISupportedInterfaceOrientations_iPhone = "UIInterfaceOrientationPortrait UIInterfaceOrientationLandscapeLeft UIInterfaceOrientationLandscapeRight";
				LD_RUNPATH_SEARCH_PATHS = (
					"$(inherited)",
					"@executable_path/Frameworks",
				);
				MARKETING_VERSION = 1.0;
				PRODUCT_BUNDLE_IDENTIFIER = com.mibsoldsdk.googlemapSourceAndDestinationDEMO;
				PRODUCT_NAME = "$(TARGET_NAME)";
				SWIFT_EMIT_LOC_STRINGS = YES;
				SWIFT_VERSION = 5.0;
				TARGETED_DEVICE_FAMILY = "1,2";
			};
			name = Release;
		};
/* End XCBuildConfiguration section */

/* Begin XCConfigurationList section */
		180979C629CECB7B00C64F6A /* Build configuration list for PBXProject "googlemapSourceAndDestinationDEMO" */ = {
			isa = XCConfigurationList;
			buildConfigurations = (
				180979DD29CECB8200C64F6A /* Debug */,
				180979DE29CECB8200C64F6A /* Release */,
			);
			defaultConfigurationIsVisible = 0;
			defaultConfigurationName = Release;
		};
		180979DF29CECB8200C64F6A /* Build configuration list for PBXNativeTarget "googlemapSourceAndDestinationDEMO" */ = {
			isa = XCConfigurationList;
			buildConfigurations = (
				180979E029CECB8200C64F6A /* Debug */,
				180979E129CECB8200C64F6A /* Release */,
			);
			defaultConfigurationIsVisible = 0;
			defaultConfigurationName = Release;
		};
/* End XCConfigurationList section */
	};
	rootObject = 180979C329CECB7B00C64F6A /* Project object */;
}
